// !$*UTF8*$!
{
	archiveVersion = 1;
	classes = {
	};
	objectVersion = 77;
	objects = {

/* Begin PBXBuildFile section */
		57FC8A2F2E8C2B6900A696C5 /* Auth in Frameworks */ = {isa = PBXBuildFile; productRef = 57FC8A2E2E8C2B6900A696C5 /* Auth */; };
		57FC8A312E8C2B6900A696C5 /* Functions in Frameworks */ = {isa = PBXBuildFile; productRef = 57FC8A302E8C2B6900A696C5 /* Functions */; };
		57FC8A332E8C2B6900A696C5 /* PostgREST in Frameworks */ = {isa = PBXBuildFile; productRef = 57FC8A322E8C2B6900A696C5 /* PostgREST */; };
		57FC8A352E8C2B6900A696C5 /* Realtime in Frameworks */ = {isa = PBXBuildFile; productRef = 57FC8A342E8C2B6900A696C5 /* Realtime */; };
		57FC8A372E8C2B6900A696C5 /* Storage in Frameworks */ = {isa = PBXBuildFile; productRef = 57FC8A362E8C2B6900A696C5 /* Storage */; };
		57FC8A392E8C2B6900A696C5 /* Supabase in Frameworks */ = {isa = PBXBuildFile; productRef = 57FC8A382E8C2B6900A696C5 /* Supabase */; };
		57FC8A3C2E8C2B8B00A696C5 /* GoogleSignIn in Frameworks */ = {isa = PBXBuildFile; productRef = 57FC8A3B2E8C2B8B00A696C5 /* GoogleSignIn */; };
		57FC8A3E2E8C2B8B00A696C5 /* GoogleSignInSwift in Frameworks */ = {isa = PBXBuildFile; productRef = 57FC8A3D2E8C2B8B00A696C5 /* GoogleSignInSwift */; };
/* End PBXBuildFile section */

/* Begin PBXContainerItemProxy section */
		57B359682E8C293700C7716C /* PBXContainerItemProxy */ = {
			isa = PBXContainerItemProxy;
			containerPortal = 57B359522E8C293500C7716C /* Project object */;
			proxyType = 1;
			remoteGlobalIDString = 57B359592E8C293500C7716C;
			remoteInfo = Lenz;
		};
		57B359722E8C293700C7716C /* PBXContainerItemProxy */ = {
			isa = PBXContainerItemProxy;
			containerPortal = 57B359522E8C293500C7716C /* Project object */;
			proxyType = 1;
			remoteGlobalIDString = 57B359592E8C293500C7716C;
			remoteInfo = Lenz;
		};
/* End PBXContainerItemProxy section */

/* Begin PBXFileReference section */
		57B3595A2E8C293500C7716C /* Lenz.app */ = {isa = PBXFileReference; explicitFileType = wrapper.application; includeInIndex = 0; path = Lenz.app; sourceTree = BUILT_PRODUCTS_DIR; };
		57B359672E8C293700C7716C /* LenzTests.xctest */ = {isa = PBXFileReference; explicitFileType = wrapper.cfbundle; includeInIndex = 0; path = LenzTests.xctest; sourceTree = BUILT_PRODUCTS_DIR; };
		57B359712E8C293700C7716C /* LenzUITests.xctest */ = {isa = PBXFileReference; explicitFileType = wrapper.cfbundle; includeInIndex = 0; path = LenzUITests.xctest; sourceTree = BUILT_PRODUCTS_DIR; };
/* End PBXFileReference section */

/* Begin PBXFileSystemSynchronizedBuildFileExceptionSet section */
		57FC8A402E8C2E1300A696C5 /* Exceptions for "Lenz" folder in "Lenz" target */ = {
			isa = PBXFileSystemSynchronizedBuildFileExceptionSet;
			membershipExceptions = (
				Info.plist,
			);
			target = 57B359592E8C293500C7716C /* Lenz */;
		};
/* End PBXFileSystemSynchronizedBuildFileExceptionSet section */

/* Begin PBXFileSystemSynchronizedRootGroup section */
		57B3595C2E8C293500C7716C /* Lenz */ = {
			isa = PBXFileSystemSynchronizedRootGroup;
			exceptions = (
				57FC8A402E8C2E1300A696C5 /* Exceptions for "Lenz" folder in "Lenz" target */,
			);
			path = Lenz;
			sourceTree = "<group>";
		};
		57B3596A2E8C293700C7716C /* LenzTests */ = {
			isa = PBXFileSystemSynchronizedRootGroup;
			path = LenzTests;
			sourceTree = "<group>";
		};
		57B359742E8C293700C7716C /* LenzUITests */ = {
			isa = PBXFileSystemSynchronizedRootGroup;
			path = LenzUITests;
			sourceTree = "<group>";
		};
/* End PBXFileSystemSynchronizedRootGroup section */

/* Begin PBXFrameworksBuildPhase section */
		57B359572E8C293500C7716C /* Frameworks */ = {
			isa = PBXFrameworksBuildPhase;
			buildActionMask = 2147483647;
			files = (
				57FC8A332E8C2B6900A696C5 /* PostgREST in Frameworks */,
				57FC8A312E8C2B6900A696C5 /* Functions in Frameworks */,
				57FC8A392E8C2B6900A696C5 /* Supabase in Frameworks */,
				57FC8A3E2E8C2B8B00A696C5 /* GoogleSignInSwift in Frameworks */,
				57FC8A2F2E8C2B6900A696C5 /* Auth in Frameworks */,
				57FC8A372E8C2B6900A696C5 /* Storage in Frameworks */,
				57FC8A352E8C2B6900A696C5 /* Realtime in Frameworks */,
				57FC8A3C2E8C2B8B00A696C5 /* GoogleSignIn in Frameworks */,
			);
			runOnlyForDeploymentPostprocessing = 0;
		};
		57B359642E8C293700C7716C /* Frameworks */ = {
			isa = PBXFrameworksBuildPhase;
			buildActionMask = 2147483647;
			files = (
			);
			runOnlyForDeploymentPostprocessing = 0;
		};
		57B3596E2E8C293700C7716C /* Frameworks */ = {
			isa = PBXFrameworksBuildPhase;
			buildActionMask = 2147483647;
			files = (
			);
			runOnlyForDeploymentPostprocessing = 0;
		};
/* End PBXFrameworksBuildPhase section */

/* Begin PBXGroup section */
		57B359512E8C293500C7716C = {
			isa = PBXGroup;
			children = (
				57B3595C2E8C293500C7716C /* Lenz */,
				57B3596A2E8C293700C7716C /* LenzTests */,
				57B359742E8C293700C7716C /* LenzUITests */,
				57B3595B2E8C293500C7716C /* Products */,
			);
			sourceTree = "<group>";
		};
		57B3595B2E8C293500C7716C /* Products */ = {
			isa = PBXGroup;
			children = (
				57B3595A2E8C293500C7716C /* Lenz.app */,
				57B359672E8C293700C7716C /* LenzTests.xctest */,
				57B359712E8C293700C7716C /* LenzUITests.xctest */,
			);
			name = Products;
			sourceTree = "<group>";
		};
/* End PBXGroup section */

/* Begin PBXNativeTarget section */
		57B359592E8C293500C7716C /* Lenz */ = {
			isa = PBXNativeTarget;
			buildConfigurationList = 57B3597B2E8C293700C7716C /* Build configuration list for PBXNativeTarget "Lenz" */;
			buildPhases = (
				57B359562E8C293500C7716C /* Sources */,
				57B359572E8C293500C7716C /* Frameworks */,
				57B359582E8C293500C7716C /* Resources */,
			);
			buildRules = (
			);
			dependencies = (
			);
			fileSystemSynchronizedGroups = (
				57B3595C2E8C293500C7716C /* Lenz */,
			);
			name = Lenz;
			packageProductDependencies = (
				57FC8A2E2E8C2B6900A696C5 /* Auth */,
				57FC8A302E8C2B6900A696C5 /* Functions */,
				57FC8A322E8C2B6900A696C5 /* PostgREST */,
				57FC8A342E8C2B6900A696C5 /* Realtime */,
				57FC8A362E8C2B6900A696C5 /* Storage */,
				57FC8A382E8C2B6900A696C5 /* Supabase */,
				57FC8A3B2E8C2B8B00A696C5 /* GoogleSignIn */,
				57FC8A3D2E8C2B8B00A696C5 /* GoogleSignInSwift */,
			);
			productName = Lenz;
			productReference = 57B3595A2E8C293500C7716C /* Lenz.app */;
			productType = "com.apple.product-type.application";
		};
		57B359662E8C293700C7716C /* LenzTests */ = {
			isa = PBXNativeTarget;
			buildConfigurationList = 57B3597E2E8C293700C7716C /* Build configuration list for PBXNativeTarget "LenzTests" */;
			buildPhases = (
				57B359632E8C293700C7716C /* Sources */,
				57B359642E8C293700C7716C /* Frameworks */,
				57B359652E8C293700C7716C /* Resources */,
			);
			buildRules = (
			);
			dependencies = (
				57B359692E8C293700C7716C /* PBXTargetDependency */,
			);
			fileSystemSynchronizedGroups = (
				57B3596A2E8C293700C7716C /* LenzTests */,
			);
			name = LenzTests;
			packageProductDependencies = (
			);
			productName = LenzTests;
			productReference = 57B359672E8C293700C7716C /* LenzTests.xctest */;
			productType = "com.apple.product-type.bundle.unit-test";
		};
		57B359702E8C293700C7716C /* LenzUITests */ = {
			isa = PBXNativeTarget;
			buildConfigurationList = 57B359812E8C293700C7716C /* Build configuration list for PBXNativeTarget "LenzUITests" */;
			buildPhases = (
				57B3596D2E8C293700C7716C /* Sources */,
				57B3596E2E8C293700C7716C /* Frameworks */,
				57B3596F2E8C293700C7716C /* Resources */,
			);
			buildRules = (
			);
			dependencies = (
				57B359732E8C293700C7716C /* PBXTargetDependency */,
			);
			fileSystemSynchronizedGroups = (
				57B359742E8C293700C7716C /* LenzUITests */,
			);
			name = LenzUITests;
			packageProductDependencies = (
			);
			productName = LenzUITests;
			productReference = 57B359712E8C293700C7716C /* LenzUITests.xctest */;
			productType = "com.apple.product-type.bundle.ui-testing";
		};
/* End PBXNativeTarget section */

/* Begin PBXProject section */
		57B359522E8C293500C7716C /* Project object */ = {
			isa = PBXProject;
			attributes = {
				BuildIndependentTargetsInParallel = 1;
				LastSwiftUpdateCheck = 2600;
				LastUpgradeCheck = 2600;
				TargetAttributes = {
					57B359592E8C293500C7716C = {
						CreatedOnToolsVersion = 26.0.1;
					};
					57B359662E8C293700C7716C = {
						CreatedOnToolsVersion = 26.0.1;
						TestTargetID = 57B359592E8C293500C7716C;
					};
					57B359702E8C293700C7716C = {
						CreatedOnToolsVersion = 26.0.1;
						TestTargetID = 57B359592E8C293500C7716C;
					};
				};
			};
			buildConfigurationList = 57B359552E8C293500C7716C /* Build configuration list for PBXProject "Lenz" */;
			developmentRegion = en;
			hasScannedForEncodings = 0;
			knownRegions = (
				en,
				Base,
			);
			mainGroup = 57B359512E8C293500C7716C;
			minimizedProjectReferenceProxies = 1;
			packageReferences = (
				57FC8A2D2E8C2B6900A696C5 /* XCRemoteSwiftPackageReference "supabase-swift" */,
				57FC8A3A2E8C2B8B00A696C5 /* XCRemoteSwiftPackageReference "GoogleSignIn-iOS" */,
			);
			preferredProjectObjectVersion = 77;
			productRefGroup = 57B3595B2E8C293500C7716C /* Products */;
			projectDirPath = "";
			projectRoot = "";
			targets = (
				57B359592E8C293500C7716C /* Lenz */,
				57B359662E8C293700C7716C /* LenzTests */,
				57B359702E8C293700C7716C /* LenzUITests */,
			);
		};
/* End PBXProject section */

/* Begin PBXResourcesBuildPhase section */
		57B359582E8C293500C7716C /* Resources */ = {
			isa = PBXResourcesBuildPhase;
			buildActionMask = 2147483647;
			files = (
			);
			runOnlyForDeploymentPostprocessing = 0;
		};
		57B359652E8C293700C7716C /* Resources */ = {
			isa = PBXResourcesBuildPhase;
			buildActionMask = 2147483647;
			files = (
			);
			runOnlyForDeploymentPostprocessing = 0;
		};
		57B3596F2E8C293700C7716C /* Resources */ = {
			isa = PBXResourcesBuildPhase;
			buildActionMask = 2147483647;
			files = (
			);
			runOnlyForDeploymentPostprocessing = 0;
		};
/* End PBXResourcesBuildPhase section */

/* Begin PBXSourcesBuildPhase section */
		57B359562E8C293500C7716C /* Sources */ = {
			isa = PBXSourcesBuildPhase;
			buildActionMask = 2147483647;
			files = (
			);
			runOnlyForDeploymentPostprocessing = 0;
		};
		57B359632E8C293700C7716C /* Sources */ = {
			isa = PBXSourcesBuildPhase;
			buildActionMask = 2147483647;
			files = (
			);
			runOnlyForDeploymentPostprocessing = 0;
		};
		57B3596D2E8C293700C7716C /* Sources */ = {
			isa = PBXSourcesBuildPhase;
			buildActionMask = 2147483647;
			files = (
			);
			runOnlyForDeploymentPostprocessing = 0;
		};
/* End PBXSourcesBuildPhase section */

/* Begin PBXTargetDependency section */
		57B359692E8C293700C7716C /* PBXTargetDependency */ = {
			isa = PBXTargetDependency;
			target = 57B359592E8C293500C7716C /* Lenz */;
			targetProxy = 57B359682E8C293700C7716C /* PBXContainerItemProxy */;
		};
		57B359732E8C293700C7716C /* PBXTargetDependency */ = {
			isa = PBXTargetDependency;
			target = 57B359592E8C293500C7716C /* Lenz */;
			targetProxy = 57B359722E8C293700C7716C /* PBXContainerItemProxy */;
		};
/* End PBXTargetDependency section */

/* Begin XCBuildConfiguration section */
		57B359792E8C293700C7716C /* Debug */ = {
			isa = XCBuildConfiguration;
			buildSettings = {
				ALWAYS_SEARCH_USER_PATHS = NO;
				ASSETCATALOG_COMPILER_GENERATE_SWIFT_ASSET_SYMBOL_EXTENSIONS = YES;
				CLANG_ANALYZER_NONNULL = YES;
				CLANG_ANALYZER_NUMBER_OBJECT_CONVERSION = YES_AGGRESSIVE;
				CLANG_CXX_LANGUAGE_STANDARD = "gnu++20";
				CLANG_ENABLE_MODULES = YES;
				CLANG_ENABLE_OBJC_ARC = YES;
				CLANG_ENABLE_OBJC_WEAK = YES;
				CLANG_WARN_BLOCK_CAPTURE_AUTORELEASING = YES;
				CLANG_WARN_BOOL_CONVERSION = YES;
				CLANG_WARN_COMMA = YES;
				CLANG_WARN_CONSTANT_CONVERSION = YES;
				CLANG_WARN_DEPRECATED_OBJC_IMPLEMENTATIONS = YES;
				CLANG_WARN_DIRECT_OBJC_ISA_USAGE = YES_ERROR;
				CLANG_WARN_DOCUMENTATION_COMMENTS = YES;
				CLANG_WARN_EMPTY_BODY = YES;
				CLANG_WARN_ENUM_CONVERSION = YES;
				CLANG_WARN_INFINITE_RECURSION = YES;
				CLANG_WARN_INT_CONVERSION = YES;
				CLANG_WARN_NON_LITERAL_NULL_CONVERSION = YES;
				CLANG_WARN_OBJC_IMPLICIT_RETAIN_SELF = YES;
				CLANG_WARN_OBJC_LITERAL_CONVERSION = YES;
				CLANG_WARN_OBJC_ROOT_CLASS = YES_ERROR;
				CLANG_WARN_QUOTED_INCLUDE_IN_FRAMEWORK_HEADER = YES;
				CLANG_WARN_RANGE_LOOP_ANALYSIS = YES;
				CLANG_WARN_STRICT_PROTOTYPES = YES;
				CLANG_WARN_SUSPICIOUS_MOVE = YES;
				CLANG_WARN_UNGUARDED_AVAILABILITY = YES_AGGRESSIVE;
				CLANG_WARN_UNREACHABLE_CODE = YES;
				CLANG_WARN__DUPLICATE_METHOD_MATCH = YES;
				COPY_PHASE_STRIP = NO;
				DEBUG_INFORMATION_FORMAT = dwarf;
				ENABLE_STRICT_OBJC_MSGSEND = YES;
				ENABLE_TESTABILITY = YES;
				ENABLE_USER_SCRIPT_SANDBOXING = YES;
				GCC_C_LANGUAGE_STANDARD = gnu17;
				GCC_DYNAMIC_NO_PIC = NO;
				GCC_NO_COMMON_BLOCKS = YES;
				GCC_OPTIMIZATION_LEVEL = 0;
				GCC_PREPROCESSOR_DEFINITIONS = (
					"DEBUG=1",
					"$(inherited)",
				);
				GCC_WARN_64_TO_32_BIT_CONVERSION = YES;
				GCC_WARN_ABOUT_RETURN_TYPE = YES_ERROR;
				GCC_WARN_UNDECLARED_SELECTOR = YES;
				GCC_WARN_UNINITIALIZED_AUTOS = YES_AGGRESSIVE;
				GCC_WARN_UNUSED_FUNCTION = YES;
				GCC_WARN_UNUSED_VARIABLE = YES;
				IPHONEOS_DEPLOYMENT_TARGET = 26.0;
				LOCALIZATION_PREFERS_STRING_CATALOGS = YES;
				MTL_ENABLE_DEBUG_INFO = INCLUDE_SOURCE;
				MTL_FAST_MATH = YES;
				ONLY_ACTIVE_ARCH = YES;
				SDKROOT = iphoneos;
				SWIFT_ACTIVE_COMPILATION_CONDITIONS = "DEBUG $(inherited)";
				SWIFT_OPTIMIZATION_LEVEL = "-Onone";
			};
			name = Debug;
		};
		57B3597A2E8C293700C7716C /* Release */ = {
			isa = XCBuildConfiguration;
			buildSettings = {
				ALWAYS_SEARCH_USER_PATHS = NO;
				ASSETCATALOG_COMPILER_GENERATE_SWIFT_ASSET_SYMBOL_EXTENSIONS = YES;
				CLANG_ANALYZER_NONNULL = YES;
				CLANG_ANALYZER_NUMBER_OBJECT_CONVERSION = YES_AGGRESSIVE;
				CLANG_CXX_LANGUAGE_STANDARD = "gnu++20";
				CLANG_ENABLE_MODULES = YES;
				CLANG_ENABLE_OBJC_ARC = YES;
				CLANG_ENABLE_OBJC_WEAK = YES;
				CLANG_WARN_BLOCK_CAPTURE_AUTORELEASING = YES;
				CLANG_WARN_BOOL_CONVERSION = YES;
				CLANG_WARN_COMMA = YES;
				CLANG_WARN_CONSTANT_CONVERSION = YES;
				CLANG_WARN_DEPRECATED_OBJC_IMPLEMENTATIONS = YES;
				CLANG_WARN_DIRECT_OBJC_ISA_USAGE = YES_ERROR;
				CLANG_WARN_DOCUMENTATION_COMMENTS = YES;
				CLANG_WARN_EMPTY_BODY = YES;
				CLANG_WARN_ENUM_CONVERSION = YES;
				CLANG_WARN_INFINITE_RECURSION = YES;
				CLANG_WARN_INT_CONVERSION = YES;
				CLANG_WARN_NON_LITERAL_NULL_CONVERSION = YES;
				CLANG_WARN_OBJC_IMPLICIT_RETAIN_SELF = YES;
				CLANG_WARN_OBJC_LITERAL_CONVERSION = YES;
				CLANG_WARN_OBJC_ROOT_CLASS = YES_ERROR;
				CLANG_WARN_QUOTED_INCLUDE_IN_FRAMEWORK_HEADER = YES;
				CLANG_WARN_RANGE_LOOP_ANALYSIS = YES;
				CLANG_WARN_STRICT_PROTOTYPES = YES;
				CLANG_WARN_SUSPICIOUS_MOVE = YES;
				CLANG_WARN_UNGUARDED_AVAILABILITY = YES_AGGRESSIVE;
				CLANG_WARN_UNREACHABLE_CODE = YES;
				CLANG_WARN__DUPLICATE_METHOD_MATCH = YES;
				COPY_PHASE_STRIP = NO;
				DEBUG_INFORMATION_FORMAT = "dwarf-with-dsym";
				ENABLE_NS_ASSERTIONS = NO;
				ENABLE_STRICT_OBJC_MSGSEND = YES;
				ENABLE_USER_SCRIPT_SANDBOXING = YES;
				GCC_C_LANGUAGE_STANDARD = gnu17;
				GCC_NO_COMMON_BLOCKS = YES;
				GCC_WARN_64_TO_32_BIT_CONVERSION = YES;
				GCC_WARN_ABOUT_RETURN_TYPE = YES_ERROR;
				GCC_WARN_UNDECLARED_SELECTOR = YES;
				GCC_WARN_UNINITIALIZED_AUTOS = YES_AGGRESSIVE;
				GCC_WARN_UNUSED_FUNCTION = YES;
				GCC_WARN_UNUSED_VARIABLE = YES;
				IPHONEOS_DEPLOYMENT_TARGET = 26.0;
				LOCALIZATION_PREFERS_STRING_CATALOGS = YES;
				MTL_ENABLE_DEBUG_INFO = NO;
				MTL_FAST_MATH = YES;
				SDKROOT = iphoneos;
				SWIFT_COMPILATION_MODE = wholemodule;
				VALIDATE_PRODUCT = YES;
			};
			name = Release;
		};
		57B3597C2E8C293700C7716C /* Debug */ = {
			isa = XCBuildConfiguration;
			buildSettings = {
				ASSETCATALOG_COMPILER_APPICON_NAME = AppIcon;
				ASSETCATALOG_COMPILER_GLOBAL_ACCENT_COLOR_NAME = AccentColor;
				CODE_SIGN_STYLE = Automatic;
				CURRENT_PROJECT_VERSION = 1;
				ENABLE_PREVIEWS = YES;
				GENERATE_INFOPLIST_FILE = YES;
				INFOPLIST_FILE = Lenz/Info.plist;
				INFOPLIST_KEY_NSCameraUsageDescription = "Lenz needs camera access to record videos.";
				INFOPLIST_KEY_NSLocationWhenInUseUsageDescription = "Lenz uses your city to rank and display nearby videos.";
				INFOPLIST_KEY_NSPhotoLibraryAddUsageDescription = "Lenz needs access to save uploaded videos.";
				INFOPLIST_KEY_UIApplicationSceneManifest_Generation = YES;
				INFOPLIST_KEY_UIApplicationSupportsIndirectInputEvents = YES;
				INFOPLIST_KEY_UILaunchScreen_Generation = YES;
				INFOPLIST_KEY_UISupportedInterfaceOrientations_iPad = "UIInterfaceOrientationPortrait UIInterfaceOrientationPortraitUpsideDown UIInterfaceOrientationLandscapeLeft UIInterfaceOrientationLandscapeRight";
				INFOPLIST_KEY_UISupportedInterfaceOrientations_iPhone = "UIInterfaceOrientationPortrait UIInterfaceOrientationLandscapeLeft UIInterfaceOrientationLandscapeRight";
				LD_RUNPATH_SEARCH_PATHS = (
					"$(inherited)",
					"@executable_path/Frameworks",
				);
				MARKETING_VERSION = 1.0;
				PRODUCT_BUNDLE_IDENTIFIER = com.msetji.Lenz;
				PRODUCT_NAME = "$(TARGET_NAME)";
				STRING_CATALOG_GENERATE_SYMBOLS = YES;
				SWIFT_APPROACHABLE_CONCURRENCY = YES;
				SWIFT_DEFAULT_ACTOR_ISOLATION = MainActor;
				SWIFT_EMIT_LOC_STRINGS = YES;
				SWIFT_UPCOMING_FEATURE_MEMBER_IMPORT_VISIBILITY = YES;
				SWIFT_VERSION = 5.0;
				TARGETED_DEVICE_FAMILY = "1,2";
			};
			name = Debug;
		};
		57B3597D2E8C293700C7716C /* Release */ = {
			isa = XCBuildConfiguration;
			buildSettings = {
				ASSETCATALOG_COMPILER_APPICON_NAME = AppIcon;
				ASSETCATALOG_COMPILER_GLOBAL_ACCENT_COLOR_NAME = AccentColor;
				CODE_SIGN_STYLE = Automatic;
				CURRENT_PROJECT_VERSION = 1;
				ENABLE_PREVIEWS = YES;
				GENERATE_INFOPLIST_FILE = YES;
				INFOPLIST_FILE = Lenz/Info.plist;
				INFOPLIST_KEY_NSCameraUsageDescription = "Lenz needs camera access to record videos.";
				INFOPLIST_KEY_NSLocationWhenInUseUsageDescription = "Lenz uses your city to rank and display nearby videos.";
				INFOPLIST_KEY_NSPhotoLibraryAddUsageDescription = "Lenz needs access to save uploaded videos.";
				INFOPLIST_KEY_UIApplicationSceneManifest_Generation = YES;
				INFOPLIST_KEY_UIApplicationSupportsIndirectInputEvents = YES;
				INFOPLIST_KEY_UILaunchScreen_Generation = YES;
				INFOPLIST_KEY_UISupportedInterfaceOrientations_iPad = "UIInterfaceOrientationPortrait UIInterfaceOrientationPortraitUpsideDown UIInterfaceOrientationLandscapeLeft UIInterfaceOrientationLandscapeRight";
				INFOPLIST_KEY_UISupportedInterfaceOrientations_iPhone = "UIInterfaceOrientationPortrait UIInterfaceOrientationLandscapeLeft UIInterfaceOrientationLandscapeRight";
				LD_RUNPATH_SEARCH_PATHS = (
					"$(inherited)",
					"@executable_path/Frameworks",
				);
				MARKETING_VERSION = 1.0;
				PRODUCT_BUNDLE_IDENTIFIER = com.msetji.Lenz;
				PRODUCT_NAME = "$(TARGET_NAME)";
				STRING_CATALOG_GENERATE_SYMBOLS = YES;
				SWIFT_APPROACHABLE_CONCURRENCY = YES;
				SWIFT_DEFAULT_ACTOR_ISOLATION = MainActor;
				SWIFT_EMIT_LOC_STRINGS = YES;
				SWIFT_UPCOMING_FEATURE_MEMBER_IMPORT_VISIBILITY = YES;
				SWIFT_VERSION = 5.0;
				TARGETED_DEVICE_FAMILY = "1,2";
			};
			name = Release;
		};
		57B3597F2E8C293700C7716C /* Debug */ = {
			isa = XCBuildConfiguration;
			buildSettings = {
				BUNDLE_LOADER = "$(TEST_HOST)";
				CODE_SIGN_STYLE = Automatic;
				CURRENT_PROJECT_VERSION = 1;
				GENERATE_INFOPLIST_FILE = YES;
				IPHONEOS_DEPLOYMENT_TARGET = 26.0;
				MARKETING_VERSION = 1.0;
				PRODUCT_BUNDLE_IDENTIFIER = com.msetji.LenzTests;
				PRODUCT_NAME = "$(TARGET_NAME)";
				STRING_CATALOG_GENERATE_SYMBOLS = NO;
				SWIFT_APPROACHABLE_CONCURRENCY = YES;
				SWIFT_EMIT_LOC_STRINGS = NO;
				SWIFT_UPCOMING_FEATURE_MEMBER_IMPORT_VISIBILITY = YES;
				SWIFT_VERSION = 5.0;
				TARGETED_DEVICE_FAMILY = "1,2";
				TEST_HOST = "$(BUILT_PRODUCTS_DIR)/Lenz.app/$(BUNDLE_EXECUTABLE_FOLDER_PATH)/Lenz";
			};
			name = Debug;
		};
		57B359802E8C293700C7716C /* Release */ = {
			isa = XCBuildConfiguration;
			buildSettings = {
				BUNDLE_LOADER = "$(TEST_HOST)";
				CODE_SIGN_STYLE = Automatic;
				CURRENT_PROJECT_VERSION = 1;
				GENERATE_INFOPLIST_FILE = YES;
				IPHONEOS_DEPLOYMENT_TARGET = 26.0;
				MARKETING_VERSION = 1.0;
				PRODUCT_BUNDLE_IDENTIFIER = com.msetji.LenzTests;
				PRODUCT_NAME = "$(TARGET_NAME)";
				STRING_CATALOG_GENERATE_SYMBOLS = NO;
				SWIFT_APPROACHABLE_CONCURRENCY = YES;
				SWIFT_EMIT_LOC_STRINGS = NO;
				SWIFT_UPCOMING_FEATURE_MEMBER_IMPORT_VISIBILITY = YES;
				SWIFT_VERSION = 5.0;
				TARGETED_DEVICE_FAMILY = "1,2";
				TEST_HOST = "$(BUILT_PRODUCTS_DIR)/Lenz.app/$(BUNDLE_EXECUTABLE_FOLDER_PATH)/Lenz";
			};
			name = Release;
		};
		57B359822E8C293700C7716C /* Debug */ = {
			isa = XCBuildConfiguration;
			buildSettings = {
				CODE_SIGN_STYLE = Automatic;
				CURRENT_PROJECT_VERSION = 1;
				GENERATE_INFOPLIST_FILE = YES;
				MARKETING_VERSION = 1.0;
				PRODUCT_BUNDLE_IDENTIFIER = com.msetji.LenzUITests;
				PRODUCT_NAME = "$(TARGET_NAME)";
				STRING_CATALOG_GENERATE_SYMBOLS = NO;
				SWIFT_APPROACHABLE_CONCURRENCY = YES;
				SWIFT_EMIT_LOC_STRINGS = NO;
				SWIFT_UPCOMING_FEATURE_MEMBER_IMPORT_VISIBILITY = YES;
				SWIFT_VERSION = 5.0;
				TARGETED_DEVICE_FAMILY = "1,2";
				TEST_TARGET_NAME = Lenz;
			};
			name = Debug;
		};
		57B359832E8C293700C7716C /* Release */ = {
			isa = XCBuildConfiguration;
			buildSettings = {
				CODE_SIGN_STYLE = Automatic;
				CURRENT_PROJECT_VERSION = 1;
				GENERATE_INFOPLIST_FILE = YES;
				MARKETING_VERSION = 1.0;
				PRODUCT_BUNDLE_IDENTIFIER = com.msetji.LenzUITests;
				PRODUCT_NAME = "$(TARGET_NAME)";
				STRING_CATALOG_GENERATE_SYMBOLS = NO;
				SWIFT_APPROACHABLE_CONCURRENCY = YES;
				SWIFT_EMIT_LOC_STRINGS = NO;
				SWIFT_UPCOMING_FEATURE_MEMBER_IMPORT_VISIBILITY = YES;
				SWIFT_VERSION = 5.0;
				TARGETED_DEVICE_FAMILY = "1,2";
				TEST_TARGET_NAME = Lenz;
			};
			name = Release;
		};
/* End XCBuildConfiguration section */

/* Begin XCConfigurationList section */
		57B359552E8C293500C7716C /* Build configuration list for PBXProject "Lenz" */ = {
			isa = XCConfigurationList;
			buildConfigurations = (
				57B359792E8C293700C7716C /* Debug */,
				57B3597A2E8C293700C7716C /* Release */,
			);
			defaultConfigurationIsVisible = 0;
			defaultConfigurationName = Release;
		};
		57B3597B2E8C293700C7716C /* Build configuration list for PBXNativeTarget "Lenz" */ = {
			isa = XCConfigurationList;
			buildConfigurations = (
				57B3597C2E8C293700C7716C /* Debug */,
				57B3597D2E8C293700C7716C /* Release */,
			);
			defaultConfigurationIsVisible = 0;
			defaultConfigurationName = Release;
		};
		57B3597E2E8C293700C7716C /* Build configuration list for PBXNativeTarget "LenzTests" */ = {
			isa = XCConfigurationList;
			buildConfigurations = (
				57B3597F2E8C293700C7716C /* Debug */,
				57B359802E8C293700C7716C /* Release */,
			);
			defaultConfigurationIsVisible = 0;
			defaultConfigurationName = Release;
		};
		57B359812E8C293700C7716C /* Build configuration list for PBXNativeTarget "LenzUITests" */ = {
			isa = XCConfigurationList;
			buildConfigurations = (
				57B359822E8C293700C7716C /* Debug */,
				57B359832E8C293700C7716C /* Release */,
			);
			defaultConfigurationIsVisible = 0;
			defaultConfigurationName = Release;
		};
/* End XCConfigurationList section */

/* Begin XCRemoteSwiftPackageReference section */
		57FC8A2D2E8C2B6900A696C5 /* XCRemoteSwiftPackageReference "supabase-swift" */ = {
			isa = XCRemoteSwiftPackageReference;
			repositoryURL = "https://github.com/supabase-community/supabase-swift";
			requirement = {
				kind = upToNextMajorVersion;
				minimumVersion = 2.5.1;
			};
		};
		57FC8A3A2E8C2B8B00A696C5 /* XCRemoteSwiftPackageReference "GoogleSignIn-iOS" */ = {
			isa = XCRemoteSwiftPackageReference;
			repositoryURL = "https://github.com/google/GoogleSignIn-iOS";
			requirement = {
				kind = upToNextMajorVersion;
				minimumVersion = 9.0.0;
			};
		};
/* End XCRemoteSwiftPackageReference section */

/* Begin XCSwiftPackageProductDependency section */
		57FC8A2E2E8C2B6900A696C5 /* Auth */ = {
			isa = XCSwiftPackageProductDependency;
			package = 57FC8A2D2E8C2B6900A696C5 /* XCRemoteSwiftPackageReference "supabase-swift" */;
			productName = Auth;
		};
		57FC8A302E8C2B6900A696C5 /* Functions */ = {
			isa = XCSwiftPackageProductDependency;
			package = 57FC8A2D2E8C2B6900A696C5 /* XCRemoteSwiftPackageReference "supabase-swift" */;
			productName = Functions;
		};
		57FC8A322E8C2B6900A696C5 /* PostgREST */ = {
			isa = XCSwiftPackageProductDependency;
			package = 57FC8A2D2E8C2B6900A696C5 /* XCRemoteSwiftPackageReference "supabase-swift" */;
			productName = PostgREST;
		};
		57FC8A342E8C2B6900A696C5 /* Realtime */ = {
			isa = XCSwiftPackageProductDependency;
			package = 57FC8A2D2E8C2B6900A696C5 /* XCRemoteSwiftPackageReference "supabase-swift" */;
			productName = Realtime;
		};
		57FC8A362E8C2B6900A696C5 /* Storage */ = {
			isa = XCSwiftPackageProductDependency;
			package = 57FC8A2D2E8C2B6900A696C5 /* XCRemoteSwiftPackageReference "supabase-swift" */;
			productName = Storage;
		};
		57FC8A382E8C2B6900A696C5 /* Supabase */ = {
			isa = XCSwiftPackageProductDependency;
			package = 57FC8A2D2E8C2B6900A696C5 /* XCRemoteSwiftPackageReference "supabase-swift" */;
			productName = Supabase;
		};
		57FC8A3B2E8C2B8B00A696C5 /* GoogleSignIn */ = {
			isa = XCSwiftPackageProductDependency;
			package = 57FC8A3A2E8C2B8B00A696C5 /* XCRemoteSwiftPackageReference "GoogleSignIn-iOS" */;
			productName = GoogleSignIn;
		};
		57FC8A3D2E8C2B8B00A696C5 /* GoogleSignInSwift */ = {
			isa = XCSwiftPackageProductDependency;
			package = 57FC8A3A2E8C2B8B00A696C5 /* XCRemoteSwiftPackageReference "GoogleSignIn-iOS" */;
			productName = GoogleSignInSwift;
		};
/* End XCSwiftPackageProductDependency section */
	};
	rootObject = 57B359522E8C293500C7716C /* Project object */;
}
